
Microsoft Visual Studio Solution File, Format Version 12.00
# Visual Studio Version 17
VisualStudioVersion = 17.8.34330.188
MinimumVisualStudioVersion = 10.0.40219.1
Project("{9A19103F-16F7-4668-BE54-9A1E7A4F7556}") = "Questions.Api", "Questions.Api\Questions.Api.csproj", "{2CBBFBAF-7515-4ABA-9FC5-6B3F62E41DA8}"
EndProject
Project("{FAE04EC0-301F-11D3-BF4B-00C04F79EFBC}") = "Questions.Application", "Questions.Application\Questions.Application.csproj", "{A6F0DCD6-34D1-40F9-BCE5-B7B4A3AE2678}"
EndProject
Project("{FAE04EC0-301F-11D3-BF4B-00C04F79EFBC}") = "Questions.Domain", "Questions.Domain\Questions.Domain.csproj", "{EDC7E8DF-E86B-42D4-B1FA-2A220FEE5EC9}"
EndProject
Project("{FAE04EC0-301F-11D3-BF4B-00C04F79EFBC}") = "Questions.Infrastructure", "Questions.Infrastructure\Questions.Infrastructure.csproj", "{EE22245D-4890-4F65-929C-FFC820DB1A1E}"
EndProject
Global
	GlobalSection(SolutionConfigurationPlatforms) = preSolution
		Debug|Any CPU = Debug|Any CPU
		Release|Any CPU = Release|Any CPU
	EndGlobalSection
	GlobalSection(ProjectConfigurationPlatforms) = postSolution
		{2CBBFBAF-7515-4ABA-9FC5-6B3F62E41DA8}.Debug|Any CPU.ActiveCfg = Debug|Any CPU
		{2CBBFBAF-7515-4ABA-9FC5-6B3F62E41DA8}.Debug|Any CPU.Build.0 = Debug|Any CPU
		{2CBBFBAF-7515-4ABA-9FC5-6B3F62E41DA8}.Release|Any CPU.ActiveCfg = Release|Any CPU
		{2CBBFBAF-7515-4ABA-9FC5-6B3F62E41DA8}.Release|Any CPU.Build.0 = Release|Any CPU
		{A6F0DCD6-34D1-40F9-BCE5-B7B4A3AE2678}.Debug|Any CPU.ActiveCfg = Debug|Any CPU
		{A6F0DCD6-34D1-40F9-BCE5-B7B4A3AE2678}.Debug|Any CPU.Build.0 = Debug|Any CPU
		{A6F0DCD6-34D1-40F9-BCE5-B7B4A3AE2678}.Release|Any CPU.ActiveCfg = Release|Any CPU
		{A6F0DCD6-34D1-40F9-BCE5-B7B4A3AE2678}.Release|Any CPU.Build.0 = Release|Any CPU
		{EDC7E8DF-E86B-42D4-B1FA-2A220FEE5EC9}.Debug|Any CPU.ActiveCfg = Debug|Any CPU
		{EDC7E8DF-E86B-42D4-B1FA-2A220FEE5EC9}.Debug|Any CPU.Build.0 = Debug|Any CPU
		{EDC7E8DF-E86B-42D4-B1FA-2A220FEE5EC9}.Release|Any CPU.ActiveCfg = Release|Any CPU
		{EDC7E8DF-E86B-42D4-B1FA-2A220FEE5EC9}.Release|Any CPU.Build.0 = Release|Any CPU
		{EE22245D-4890-4F65-929C-FFC820DB1A1E}.Debug|Any CPU.ActiveCfg = Debug|Any CPU
		{EE22245D-4890-4F65-929C-FFC820DB1A1E}.Debug|Any CPU.Build.0 = Debug|Any CPU
		{EE22245D-4890-4F65-929C-FFC820DB1A1E}.Release|Any CPU.ActiveCfg = Release|Any CPU
		{EE22245D-4890-4F65-929C-FFC820DB1A1E}.Release|Any CPU.Build.0 = Release|Any CPU
	EndGlobalSection
	GlobalSection(SolutionProperties) = preSolution
		HideSolutionNode = FALSE
	EndGlobalSection
	GlobalSection(ExtensibilityGlobals) = postSolution
		SolutionGuid = {9247F6E9-142E-4985-88B2-1C4A1494D0BA}
	EndGlobalSection
EndGlobal
