
Microsoft Visual Studio Solution File, Format Version 12.00
# Visual Studio Version 17
VisualStudioVersion = 17.8.34408.163
MinimumVisualStudioVersion = 10.0.40219.1
Project("{9A19103F-16F7-4668-BE54-9A1E7A4F7556}") = "Questions.Api", "Questions.Api\Questions.Api.csproj", "{0DE86F24-3AEF-4E3D-9614-40CBB1D7B5BF}"
EndProject
Project("{9A19103F-16F7-4668-BE54-9A1E7A4F7556}") = "Questions.Domain", "Questions.Domain\Questions.Domain.csproj", "{F6661937-92BD-447A-993A-A0D184EAD183}"
EndProject
Project("{9A19103F-16F7-4668-BE54-9A1E7A4F7556}") = "Questions.Infrastructure", "Questions.Infrastructure\Questions.Infrastructure.csproj", "{02E615BF-E120-48EB-AFB5-CDC8E35EE79E}"
EndProject
Project("{9A19103F-16F7-4668-BE54-9A1E7A4F7556}") = "Questions.Application", "Questions.Application\Questions.Application.csproj", "{262C2F39-0F38-41D3-B68B-79448AEED1DA}"
EndProject
Project("{2150E333-8FDC-42A3-9474-1A3956D46DE8}") = "Solution Items", "Solution Items", "{47037060-2344-4997-B724-59E1606583E3}"
	ProjectSection(SolutionItems) = preProject
		.gitignore = .gitignore
		.config\dotnet-tools.json = .config\dotnet-tools.json
		README.md = README.md
	EndProjectSection
EndProject
Global
	GlobalSection(SolutionConfigurationPlatforms) = preSolution
		Debug|Any CPU = Debug|Any CPU
		Release|Any CPU = Release|Any CPU
	EndGlobalSection
	GlobalSection(ProjectConfigurationPlatforms) = postSolution
		{0DE86F24-3AEF-4E3D-9614-40CBB1D7B5BF}.Debug|Any CPU.ActiveCfg = Debug|Any CPU
		{0DE86F24-3AEF-4E3D-9614-40CBB1D7B5BF}.Debug|Any CPU.Build.0 = Debug|Any CPU
		{0DE86F24-3AEF-4E3D-9614-40CBB1D7B5BF}.Release|Any CPU.ActiveCfg = Release|Any CPU
		{0DE86F24-3AEF-4E3D-9614-40CBB1D7B5BF}.Release|Any CPU.Build.0 = Release|Any CPU
		{F6661937-92BD-447A-993A-A0D184EAD183}.Debug|Any CPU.ActiveCfg = Debug|Any CPU
		{F6661937-92BD-447A-993A-A0D184EAD183}.Debug|Any CPU.Build.0 = Debug|Any CPU
		{F6661937-92BD-447A-993A-A0D184EAD183}.Release|Any CPU.ActiveCfg = Release|Any CPU
		{F6661937-92BD-447A-993A-A0D184EAD183}.Release|Any CPU.Build.0 = Release|Any CPU
		{02E615BF-E120-48EB-AFB5-CDC8E35EE79E}.Debug|Any CPU.ActiveCfg = Debug|Any CPU
		{02E615BF-E120-48EB-AFB5-CDC8E35EE79E}.Debug|Any CPU.Build.0 = Debug|Any CPU
		{02E615BF-E120-48EB-AFB5-CDC8E35EE79E}.Release|Any CPU.ActiveCfg = Release|Any CPU
		{02E615BF-E120-48EB-AFB5-CDC8E35EE79E}.Release|Any CPU.Build.0 = Release|Any CPU
		{262C2F39-0F38-41D3-B68B-79448AEED1DA}.Debug|Any CPU.ActiveCfg = Debug|Any CPU
		{262C2F39-0F38-41D3-B68B-79448AEED1DA}.Debug|Any CPU.Build.0 = Debug|Any CPU
		{262C2F39-0F38-41D3-B68B-79448AEED1DA}.Release|Any CPU.ActiveCfg = Release|Any CPU
		{262C2F39-0F38-41D3-B68B-79448AEED1DA}.Release|Any CPU.Build.0 = Release|Any CPU
	EndGlobalSection
	GlobalSection(SolutionProperties) = preSolution
		HideSolutionNode = FALSE
	EndGlobalSection
	GlobalSection(ExtensibilityGlobals) = postSolution
		SolutionGuid = {474AFF4C-3A9C-452B-A794-5CC378027AD4}
	EndGlobalSection
EndGlobal
